
Microsoft Visual Studio Solution File, Format Version 12.00
# Visual Studio Version 17
VisualStudioVersion = 17.11.35208.52
MinimumVisualStudioVersion = 10.0.40219.1
Project("{FAE04EC0-301F-11D3-BF4B-00C04F79EFBC}") = "SimGame", "SimGame\SimGame.csproj", "{7D0C3D56-1D21-470F-87C4-06CBFB1422F8}"
EndProject
Global
	GlobalSection(SolutionConfigurationPlatforms) = preSolution
		Debug|Any CPU = Debug|Any CPU
		Release|Any CPU = Release|Any CPU
	EndGlobalSection
	GlobalSection(ProjectConfigurationPlatforms) = postSolution
		{7D0C3D56-1D21-470F-87C4-06CBFB1422F8}.Debug|Any CPU.ActiveCfg = Debug|Any CPU
		{7D0C3D56-1D21-470F-87C4-06CBFB1422F8}.Debug|Any CPU.Build.0 = Debug|Any CPU
		{7D0C3D56-1D21-470F-87C4-06CBFB1422F8}.Release|Any CPU.ActiveCfg = Release|Any CPU
		{7D0C3D56-1D21-470F-87C4-06CBFB1422F8}.Release|Any CPU.Build.0 = Release|Any CPU
	EndGlobalSection
	GlobalSection(SolutionProperties) = preSolution
		HideSolutionNode = FALSE
	EndGlobalSection
	GlobalSection(ExtensibilityGlobals) = postSolution
		SolutionGuid = {E9AA3FEE-F030-4355-83AA-1D7A7D591142}
	EndGlobalSection
EndGlobal
